PODS:
  - Alamofire (4.5.1)
  - Crashlytics (3.8.6):
    - Fabric (~> 1.6.3)
  - Fabric (1.6.13)
  - GoogleMaps (2.4.0):
    - GoogleMaps/Maps (= 2.4.0)
  - GoogleMaps/Base (2.4.0)
  - GoogleMaps/Maps (2.4.0):
    - GoogleMaps/Base
  - SwiftyJSON (3.1.4)
  - SWRevealViewController (2.3.0)

DEPENDENCIES:
  - Alamofire (~> 4.4)
  - Crashlytics
  - Fabric
  - GoogleMaps
  - SwiftyJSON
  - SWRevealViewController (~> 2.3)

SPEC CHECKSUMS:
  Alamofire: 2d95912bf4c34f164fdfc335872e8c312acaea4a
  Crashlytics: 95d05f4e4c19a771250c4bd9ce344d996de32bbf
  Fabric: 2fb5676bc811af011a04513451f463dac6803206
  GoogleMaps: 8436ab5d1c25e36915b2f7416d0c8e3fa2e76c61
  SwiftyJSON: c2842d878f95482ffceec5709abc3d05680c0220
  SWRevealViewController: 6d3fd97f70112fd7cef9de14df4260eacce4c63a

PODFILE CHECKSUM: 0b3f4a55e410f25c83b1326cc4fe8707dfb4fd50

COCOAPODS: 1.3.1
